<?xml version="1.0" encoding="UTF-8" standalone="yes" ?>
<CodeBlocks_project_file>
	<FileVersion major="1" minor="6" />
	<Project>
		<Option title="SandBox" />
		<Option pch_mode="2" />
		<Option compiler="gcc" />
		<Build>
			<Target title="Debug">
				<Option output="bin/Debug/SandBox" prefix_auto="1" extension_auto="1" />
				<Option object_output="obj/Debug/" />
				<Option type="1" />
				<Option compiler="gcc" />
				<Compiler>
					<Add option="-g" />
					<Add directory="include" />
				</Compiler>
			</Target>
			<Target title="Release">
				<Option output="bin/Release/SandBox" prefix_auto="1" extension_auto="1" />
				<Option object_output="obj/Release/" />
				<Option type="1" />
				<Option compiler="gcc" />
				<Compiler>
					<Add option="-O2" />
					<Add directory="include" />
				</Compiler>
				<Linker>
					<Add option="-s" />
				</Linker>
			</Target>
		</Build>
		<Compiler>
			<Add option="-Wall" />
			<Add option="-fexceptions" />
		</Compiler>
		<Unit filename="core/Camera.cpp" />
		<Unit filename="core/Camera.h" />
		<Unit filename="core/Clock.h" />
		<Unit filename="core/Display.cpp" />
		<Unit filename="core/Display.h" />
		<Unit filename="core/Transform.h" />
		<Unit filename="main.cpp" />
		<Unit filename="physics/BulletDebugDeprecatedGL.h" />
		<Unit filename="physics/BulletPhysics.cpp" />
		<Unit filename="physics/BulletPhysics.h" />
		<Unit filename="project_includes.h" />
		<Unit filename="rendering/Geometric_Primitives.cpp" />
		<Unit filename="rendering/Geometric_Primitives.h" />
		<Unit filename="rendering/Mesh.cpp" />
		<Unit filename="rendering/Mesh.h" />
		<Unit filename="rendering/Particle_Emitter.cpp" />
		<Unit filename="rendering/Particle_Emitter.h" />
		<Unit filename="rendering/Shader.cpp" />
		<Unit filename="rendering/Shader.h" />
		<Unit filename="rendering/Texture.cpp" />
		<Unit filename="rendering/Texture.h" />
		<Unit filename="staticLibs/stb_image.c">
			<Option compilerVar="CC" />
		</Unit>
		<Unit filename="staticLibs/stb_image.h" />
		<Unit filename="staticLibs/stb_perlin.h" />
		<Extensions>
			<code_completion />
			<envvars />
			<debugger />
			<lib_finder disable_auto="1" />
		</Extensions>
	</Project>
</CodeBlocks_project_file>
